// !$*UTF8*$!
{
	archiveVersion = 1;
	classes = {
	};
	objectVersion = 55;
	objects = {

/* Begin PBXBuildFile section */
		2A38F8ED27840F62009601C9 /* Assets.xcassets in Resources */ = {isa = PBXBuildFile; fileRef = 2A38F8EC27840F61009601C9 /* Assets.xcassets */; };
		2A928A93276CC744009C2BC9 /* AppDelegate.swift in Sources */ = {isa = PBXBuildFile; fileRef = 2A928A92276CC744009C2BC9 /* AppDelegate.swift */; };
		2A928A95276CC744009C2BC9 /* SceneDelegate.swift in Sources */ = {isa = PBXBuildFile; fileRef = 2A928A94276CC744009C2BC9 /* SceneDelegate.swift */; };
		2A928A97276CC744009C2BC9 /* ViewController.swift in Sources */ = {isa = PBXBuildFile; fileRef = 2A928A96276CC744009C2BC9 /* ViewController.swift */; };
		2A928A9A276CC744009C2BC9 /* Main.storyboard in Resources */ = {isa = PBXBuildFile; fileRef = 2A928A98276CC744009C2BC9 /* Main.storyboard */; };
		2A928A9F276CC746009C2BC9 /* LaunchScreen.storyboard in Resources */ = {isa = PBXBuildFile; fileRef = 2A928A9D276CC746009C2BC9 /* LaunchScreen.storyboard */; };
		2A928AAA276CC746009C2BC9 /* ShoppingUITests.swift in Sources */ = {isa = PBXBuildFile; fileRef = 2A928AA9276CC746009C2BC9 /* ShoppingUITests.swift */; };
		2A928AB4276CC746009C2BC9 /* ShoppingUIUITests.swift in Sources */ = {isa = PBXBuildFile; fileRef = 2A928AB3276CC746009C2BC9 /* ShoppingUIUITests.swift */; };
		2A928AB6276CC746009C2BC9 /* ShoppingUIUITestsLaunchTests.swift in Sources */ = {isa = PBXBuildFile; fileRef = 2A928AB5276CC746009C2BC9 /* ShoppingUIUITestsLaunchTests.swift */; };
		2A9E7074277D730300E398CF /* TableViewCell.swift in Sources */ = {isa = PBXBuildFile; fileRef = 2A9E7072277D730300E398CF /* TableViewCell.swift */; };
		2A9E7075277D730300E398CF /* TableViewCell.xib in Resources */ = {isa = PBXBuildFile; fileRef = 2A9E7073277D730300E398CF /* TableViewCell.xib */; };
		2AAE4FCD2771EECE00D3BC2F /* CollectionViewCell.swift in Sources */ = {isa = PBXBuildFile; fileRef = 2AAE4FCB2771EECE00D3BC2F /* CollectionViewCell.swift */; };
		2AAE4FCE2771EECE00D3BC2F /* CollectionViewCell.xib in Resources */ = {isa = PBXBuildFile; fileRef = 2AAE4FCC2771EECE00D3BC2F /* CollectionViewCell.xib */; };
/* End PBXBuildFile section */

/* Begin PBXContainerItemProxy section */
		2A928AA6276CC746009C2BC9 /* PBXContainerItemProxy */ = {
			isa = PBXContainerItemProxy;
			containerPortal = 2A928A87276CC744009C2BC9 /* Project object */;
			proxyType = 1;
			remoteGlobalIDString = 2A928A8E276CC744009C2BC9;
			remoteInfo = ShoppingUI;
		};
		2A928AB0276CC746009C2BC9 /* PBXContainerItemProxy */ = {
			isa = PBXContainerItemProxy;
			containerPortal = 2A928A87276CC744009C2BC9 /* Project object */;
			proxyType = 1;
			remoteGlobalIDString = 2A928A8E276CC744009C2BC9;
			remoteInfo = ShoppingUI;
		};
/* End PBXContainerItemProxy section */

/* Begin PBXFileReference section */
		2A38F8EC27840F61009601C9 /* Assets.xcassets */ = {isa = PBXFileReference; lastKnownFileType = folder.assetcatalog; name = Assets.xcassets; path = ../../Quotes/Quotes/Assets.xcassets; sourceTree = "<group>"; };
		2A928A8F276CC744009C2BC9 /* ShoppingUI.app */ = {isa = PBXFileReference; explicitFileType = wrapper.application; includeInIndex = 0; path = ShoppingUI.app; sourceTree = BUILT_PRODUCTS_DIR; };
		2A928A92276CC744009C2BC9 /* AppDelegate.swift */ = {isa = PBXFileReference; lastKnownFileType = sourcecode.swift; path = AppDelegate.swift; sourceTree = "<group>"; };
		2A928A94276CC744009C2BC9 /* SceneDelegate.swift */ = {isa = PBXFileReference; lastKnownFileType = sourcecode.swift; path = SceneDelegate.swift; sourceTree = "<group>"; };
		2A928A96276CC744009C2BC9 /* ViewController.swift */ = {isa = PBXFileReference; lastKnownFileType = sourcecode.swift; path = ViewController.swift; sourceTree = "<group>"; };
		2A928A99276CC744009C2BC9 /* Base */ = {isa = PBXFileReference; lastKnownFileType = file.storyboard; name = Base; path = Base.lproj/Main.storyboard; sourceTree = "<group>"; };
		2A928A9E276CC746009C2BC9 /* Base */ = {isa = PBXFileReference; lastKnownFileType = file.storyboard; name = Base; path = Base.lproj/LaunchScreen.storyboard; sourceTree = "<group>"; };
		2A928AA0276CC746009C2BC9 /* Info.plist */ = {isa = PBXFileReference; lastKnownFileType = text.plist.xml; path = Info.plist; sourceTree = "<group>"; };
		2A928AA5276CC746009C2BC9 /* ShoppingUITests.xctest */ = {isa = PBXFileReference; explicitFileType = wrapper.cfbundle; includeInIndex = 0; path = ShoppingUITests.xctest; sourceTree = BUILT_PRODUCTS_DIR; };
		2A928AA9276CC746009C2BC9 /* ShoppingUITests.swift */ = {isa = PBXFileReference; lastKnownFileType = sourcecode.swift; path = ShoppingUITests.swift; sourceTree = "<group>"; };
		2A928AAF276CC746009C2BC9 /* ShoppingUIUITests.xctest */ = {isa = PBXFileReference; explicitFileType = wrapper.cfbundle; includeInIndex = 0; path = ShoppingUIUITests.xctest; sourceTree = BUILT_PRODUCTS_DIR; };
		2A928AB3276CC746009C2BC9 /* ShoppingUIUITests.swift */ = {isa = PBXFileReference; lastKnownFileType = sourcecode.swift; path = ShoppingUIUITests.swift; sourceTree = "<group>"; };
		2A928AB5276CC746009C2BC9 /* ShoppingUIUITestsLaunchTests.swift */ = {isa = PBXFileReference; lastKnownFileType = sourcecode.swift; path = ShoppingUIUITestsLaunchTests.swift; sourceTree = "<group>"; };
		2A9E7072277D730300E398CF /* TableViewCell.swift */ = {isa = PBXFileReference; lastKnownFileType = sourcecode.swift; path = TableViewCell.swift; sourceTree = "<group>"; };
		2A9E7073277D730300E398CF /* TableViewCell.xib */ = {isa = PBXFileReference; lastKnownFileType = file.xib; path = TableViewCell.xib; sourceTree = "<group>"; };
		2AAE4FCB2771EECE00D3BC2F /* CollectionViewCell.swift */ = {isa = PBXFileReference; lastKnownFileType = sourcecode.swift; path = CollectionViewCell.swift; sourceTree = "<group>"; };
		2AAE4FCC2771EECE00D3BC2F /* CollectionViewCell.xib */ = {isa = PBXFileReference; lastKnownFileType = file.xib; path = CollectionViewCell.xib; sourceTree = "<group>"; };
/* End PBXFileReference section */

/* Begin PBXFrameworksBuildPhase section */
		2A928A8C276CC744009C2BC9 /* Frameworks */ = {
			isa = PBXFrameworksBuildPhase;
			buildActionMask = 2147483647;
			files = (
			);
			runOnlyForDeploymentPostprocessing = 0;
		};
		2A928AA2276CC746009C2BC9 /* Frameworks */ = {
			isa = PBXFrameworksBuildPhase;
			buildActionMask = 2147483647;
			files = (
			);
			runOnlyForDeploymentPostprocessing = 0;
		};
		2A928AAC276CC746009C2BC9 /* Frameworks */ = {
			isa = PBXFrameworksBuildPhase;
			buildActionMask = 2147483647;
			files = (
			);
			runOnlyForDeploymentPostprocessing = 0;
		};
/* End PBXFrameworksBuildPhase section */

/* Begin PBXGroup section */
		2A928A86276CC744009C2BC9 = {
			isa = PBXGroup;
			children = (
				2A928A91276CC744009C2BC9 /* ShoppingUI */,
				2A928AA8276CC746009C2BC9 /* ShoppingUITests */,
				2A928AB2276CC746009C2BC9 /* ShoppingUIUITests */,
				2A928A90276CC744009C2BC9 /* Products */,
			);
			sourceTree = "<group>";
		};
		2A928A90276CC744009C2BC9 /* Products */ = {
			isa = PBXGroup;
			children = (
				2A928A8F276CC744009C2BC9 /* ShoppingUI.app */,
				2A928AA5276CC746009C2BC9 /* ShoppingUITests.xctest */,
				2A928AAF276CC746009C2BC9 /* ShoppingUIUITests.xctest */,
			);
			name = Products;
			sourceTree = "<group>";
		};
		2A928A91276CC744009C2BC9 /* ShoppingUI */ = {
			isa = PBXGroup;
			children = (
				2A928A92276CC744009C2BC9 /* AppDelegate.swift */,
				2A928A94276CC744009C2BC9 /* SceneDelegate.swift */,
				2A928A96276CC744009C2BC9 /* ViewController.swift */,
				2A928A98276CC744009C2BC9 /* Main.storyboard */,
				2A38F8EC27840F61009601C9 /* Assets.xcassets */,
				2AAE4FCB2771EECE00D3BC2F /* CollectionViewCell.swift */,
				2AAE4FCC2771EECE00D3BC2F /* CollectionViewCell.xib */,
				2A928A9D276CC746009C2BC9 /* LaunchScreen.storyboard */,
				2A928AA0276CC746009C2BC9 /* Info.plist */,
				2A9E7072277D730300E398CF /* TableViewCell.swift */,
				2A9E7073277D730300E398CF /* TableViewCell.xib */,
			);
			path = ShoppingUI;
			sourceTree = "<group>";
		};
		2A928AA8276CC746009C2BC9 /* ShoppingUITests */ = {
			isa = PBXGroup;
			children = (
				2A928AA9276CC746009C2BC9 /* ShoppingUITests.swift */,
			);
			path = ShoppingUITests;
			sourceTree = "<group>";
		};
		2A928AB2276CC746009C2BC9 /* ShoppingUIUITests */ = {
			isa = PBXGroup;
			children = (
				2A928AB3276CC746009C2BC9 /* ShoppingUIUITests.swift */,
				2A928AB5276CC746009C2BC9 /* ShoppingUIUITestsLaunchTests.swift */,
			);
			path = ShoppingUIUITests;
			sourceTree = "<group>";
		};
/* End PBXGroup section */

/* Begin PBXNativeTarget section */
		2A928A8E276CC744009C2BC9 /* ShoppingUI */ = {
			isa = PBXNativeTarget;
			buildConfigurationList = 2A928AB9276CC746009C2BC9 /* Build configuration list for PBXNativeTarget "ShoppingUI" */;
			buildPhases = (
				2A928A8B276CC744009C2BC9 /* Sources */,
				2A928A8C276CC744009C2BC9 /* Frameworks */,
				2A928A8D276CC744009C2BC9 /* Resources */,
			);
			buildRules = (
			);
			dependencies = (
			);
			name = ShoppingUI;
			productName = ShoppingUI;
			productReference = 2A928A8F276CC744009C2BC9 /* ShoppingUI.app */;
			productType = "com.apple.product-type.application";
		};
		2A928AA4276CC746009C2BC9 /* ShoppingUITests */ = {
			isa = PBXNativeTarget;
			buildConfigurationList = 2A928ABC276CC746009C2BC9 /* Build configuration list for PBXNativeTarget "ShoppingUITests" */;
			buildPhases = (
				2A928AA1276CC746009C2BC9 /* Sources */,
				2A928AA2276CC746009C2BC9 /* Frameworks */,
				2A928AA3276CC746009C2BC9 /* Resources */,
			);
			buildRules = (
			);
			dependencies = (
				2A928AA7276CC746009C2BC9 /* PBXTargetDependency */,
			);
			name = ShoppingUITests;
			productName = ShoppingUITests;
			productReference = 2A928AA5276CC746009C2BC9 /* ShoppingUITests.xctest */;
			productType = "com.apple.product-type.bundle.unit-test";
		};
		2A928AAE276CC746009C2BC9 /* ShoppingUIUITests */ = {
			isa = PBXNativeTarget;
			buildConfigurationList = 2A928ABF276CC746009C2BC9 /* Build configuration list for PBXNativeTarget "ShoppingUIUITests" */;
			buildPhases = (
				2A928AAB276CC746009C2BC9 /* Sources */,
				2A928AAC276CC746009C2BC9 /* Frameworks */,
				2A928AAD276CC746009C2BC9 /* Resources */,
			);
			buildRules = (
			);
			dependencies = (
				2A928AB1276CC746009C2BC9 /* PBXTargetDependency */,
			);
			name = ShoppingUIUITests;
			productName = ShoppingUIUITests;
			productReference = 2A928AAF276CC746009C2BC9 /* ShoppingUIUITests.xctest */;
			productType = "com.apple.product-type.bundle.ui-testing";
		};
/* End PBXNativeTarget section */

/* Begin PBXProject section */
		2A928A87276CC744009C2BC9 /* Project object */ = {
			isa = PBXProject;
			attributes = {
				BuildIndependentTargetsInParallel = 1;
				LastSwiftUpdateCheck = 1320;
				LastUpgradeCheck = 1320;
				TargetAttributes = {
					2A928A8E276CC744009C2BC9 = {
						CreatedOnToolsVersion = 13.2;
					};
					2A928AA4276CC746009C2BC9 = {
						CreatedOnToolsVersion = 13.2;
						TestTargetID = 2A928A8E276CC744009C2BC9;
					};
					2A928AAE276CC746009C2BC9 = {
						CreatedOnToolsVersion = 13.2;
						TestTargetID = 2A928A8E276CC744009C2BC9;
					};
				};
			};
			buildConfigurationList = 2A928A8A276CC744009C2BC9 /* Build configuration list for PBXProject "ShoppingUI" */;
			compatibilityVersion = "Xcode 13.0";
			developmentRegion = en;
			hasScannedForEncodings = 0;
			knownRegions = (
				en,
				Base,
			);
			mainGroup = 2A928A86276CC744009C2BC9;
			productRefGroup = 2A928A90276CC744009C2BC9 /* Products */;
			projectDirPath = "";
			projectRoot = "";
			targets = (
				2A928A8E276CC744009C2BC9 /* ShoppingUI */,
				2A928AA4276CC746009C2BC9 /* ShoppingUITests */,
				2A928AAE276CC746009C2BC9 /* ShoppingUIUITests */,
			);
		};
/* End PBXProject section */

/* Begin PBXResourcesBuildPhase section */
		2A928A8D276CC744009C2BC9 /* Resources */ = {
			isa = PBXResourcesBuildPhase;
			buildActionMask = 2147483647;
			files = (
				2A928A9F276CC746009C2BC9 /* LaunchScreen.storyboard in Resources */,
				2A9E7075277D730300E398CF /* TableViewCell.xib in Resources */,
				2A928A9A276CC744009C2BC9 /* Main.storyboard in Resources */,
				2A38F8ED27840F62009601C9 /* Assets.xcassets in Resources */,
				2AAE4FCE2771EECE00D3BC2F /* CollectionViewCell.xib in Resources */,
			);
			runOnlyForDeploymentPostprocessing = 0;
		};
		2A928AA3276CC746009C2BC9 /* Resources */ = {
			isa = PBXResourcesBuildPhase;
			buildActionMask = 2147483647;
			files = (
			);
			runOnlyForDeploymentPostprocessing = 0;
		};
		2A928AAD276CC746009C2BC9 /* Resources */ = {
			isa = PBXResourcesBuildPhase;
			buildActionMask = 2147483647;
			files = (
			);
			runOnlyForDeploymentPostprocessing = 0;
		};
/* End PBXResourcesBuildPhase section */

/* Begin PBXSourcesBuildPhase section */
		2A928A8B276CC744009C2BC9 /* Sources */ = {
			isa = PBXSourcesBuildPhase;
			buildActionMask = 2147483647;
			files = (
				2A9E7074277D730300E398CF /* TableViewCell.swift in Sources */,
				2A928A97276CC744009C2BC9 /* ViewController.swift in Sources */,
				2A928A93276CC744009C2BC9 /* AppDelegate.swift in Sources */,
				2AAE4FCD2771EECE00D3BC2F /* CollectionViewCell.swift in Sources */,
				2A928A95276CC744009C2BC9 /* SceneDelegate.swift in Sources */,
			);
			runOnlyForDeploymentPostprocessing = 0;
		};
		2A928AA1276CC746009C2BC9 /* Sources */ = {
			isa = PBXSourcesBuildPhase;
			buildActionMask = 2147483647;
			files = (
				2A928AAA276CC746009C2BC9 /* ShoppingUITests.swift in Sources */,
			);
			runOnlyForDeploymentPostprocessing = 0;
		};
		2A928AAB276CC746009C2BC9 /* Sources */ = {
			isa = PBXSourcesBuildPhase;
			buildActionMask = 2147483647;
			files = (
				2A928AB6276CC746009C2BC9 /* ShoppingUIUITestsLaunchTests.swift in Sources */,
				2A928AB4276CC746009C2BC9 /* ShoppingUIUITests.swift in Sources */,
			);
			runOnlyForDeploymentPostprocessing = 0;
		};
/* End PBXSourcesBuildPhase section */

/* Begin PBXTargetDependency section */
		2A928AA7276CC746009C2BC9 /* PBXTargetDependency */ = {
			isa = PBXTargetDependency;
			target = 2A928A8E276CC744009C2BC9 /* ShoppingUI */;
			targetProxy = 2A928AA6276CC746009C2BC9 /* PBXContainerItemProxy */;
		};
		2A928AB1276CC746009C2BC9 /* PBXTargetDependency */ = {
			isa = PBXTargetDependency;
			target = 2A928A8E276CC744009C2BC9 /* ShoppingUI */;
			targetProxy = 2A928AB0276CC746009C2BC9 /* PBXContainerItemProxy */;
		};
/* End PBXTargetDependency section */

/* Begin PBXVariantGroup section */
		2A928A98276CC744009C2BC9 /* Main.storyboard */ = {
			isa = PBXVariantGroup;
			children = (
				2A928A99276CC744009C2BC9 /* Base */,
			);
			name = Main.storyboard;
			sourceTree = "<group>";
		};
		2A928A9D276CC746009C2BC9 /* LaunchScreen.storyboard */ = {
			isa = PBXVariantGroup;
			children = (
				2A928A9E276CC746009C2BC9 /* Base */,
			);
			name = LaunchScreen.storyboard;
			sourceTree = "<group>";
		};
/* End PBXVariantGroup section */

/* Begin XCBuildConfiguration section */
		2A928AB7276CC746009C2BC9 /* Debug */ = {
			isa = XCBuildConfiguration;
			buildSettings = {
				ALWAYS_SEARCH_USER_PATHS = NO;
				CLANG_ANALYZER_NONNULL = YES;
				CLANG_ANALYZER_NUMBER_OBJECT_CONVERSION = YES_AGGRESSIVE;
				CLANG_CXX_LANGUAGE_STANDARD = "gnu++17";
				CLANG_CXX_LIBRARY = "libc++";
				CLANG_ENABLE_MODULES = YES;
				CLANG_ENABLE_OBJC_ARC = YES;
				CLANG_ENABLE_OBJC_WEAK = YES;
				CLANG_WARN_BLOCK_CAPTURE_AUTORELEASING = YES;
				CLANG_WARN_BOOL_CONVERSION = YES;
				CLANG_WARN_COMMA = YES;
				CLANG_WARN_CONSTANT_CONVERSION = YES;
				CLANG_WARN_DEPRECATED_OBJC_IMPLEMENTATIONS = YES;
				CLANG_WARN_DIRECT_OBJC_ISA_USAGE = YES_ERROR;
				CLANG_WARN_DOCUMENTATION_COMMENTS = YES;
				CLANG_WARN_EMPTY_BODY = YES;
				CLANG_WARN_ENUM_CONVERSION = YES;
				CLANG_WARN_INFINITE_RECURSION = YES;
				CLANG_WARN_INT_CONVERSION = YES;
				CLANG_WARN_NON_LITERAL_NULL_CONVERSION = YES;
				CLANG_WARN_OBJC_IMPLICIT_RETAIN_SELF = YES;
				CLANG_WARN_OBJC_LITERAL_CONVERSION = YES;
				CLANG_WARN_OBJC_ROOT_CLASS = YES_ERROR;
				CLANG_WARN_QUOTED_INCLUDE_IN_FRAMEWORK_HEADER = YES;
				CLANG_WARN_RANGE_LOOP_ANALYSIS = YES;
				CLANG_WARN_STRICT_PROTOTYPES = YES;
				CLANG_WARN_SUSPICIOUS_MOVE = YES;
				CLANG_WARN_UNGUARDED_AVAILABILITY = YES_AGGRESSIVE;
				CLANG_WARN_UNREACHABLE_CODE = YES;
				CLANG_WARN__DUPLICATE_METHOD_MATCH = YES;
				COPY_PHASE_STRIP = NO;
				DEBUG_INFORMATION_FORMAT = dwarf;
				ENABLE_STRICT_OBJC_MSGSEND = YES;
				ENABLE_TESTABILITY = YES;
				GCC_C_LANGUAGE_STANDARD = gnu11;
				GCC_DYNAMIC_NO_PIC = NO;
				GCC_NO_COMMON_BLOCKS = YES;
				GCC_OPTIMIZATION_LEVEL = 0;
				GCC_PREPROCESSOR_DEFINITIONS = (
					"DEBUG=1",
					"$(inherited)",
				);
				GCC_WARN_64_TO_32_BIT_CONVERSION = YES;
				GCC_WARN_ABOUT_RETURN_TYPE = YES_ERROR;
				GCC_WARN_UNDECLARED_SELECTOR = YES;
				GCC_WARN_UNINITIALIZED_AUTOS = YES_AGGRESSIVE;
				GCC_WARN_UNUSED_FUNCTION = YES;
				GCC_WARN_UNUSED_VARIABLE = YES;
				IPHONEOS_DEPLOYMENT_TARGET = 15.2;
				MTL_ENABLE_DEBUG_INFO = INCLUDE_SOURCE;
				MTL_FAST_MATH = YES;
				ONLY_ACTIVE_ARCH = YES;
				SDKROOT = iphoneos;
				SWIFT_ACTIVE_COMPILATION_CONDITIONS = DEBUG;
				SWIFT_OPTIMIZATION_LEVEL = "-Onone";
			};
			name = Debug;
		};
		2A928AB8276CC746009C2BC9 /* Release */ = {
			isa = XCBuildConfiguration;
			buildSettings = {
				ALWAYS_SEARCH_USER_PATHS = NO;
				CLANG_ANALYZER_NONNULL = YES;
				CLANG_ANALYZER_NUMBER_OBJECT_CONVERSION = YES_AGGRESSIVE;
				CLANG_CXX_LANGUAGE_STANDARD = "gnu++17";
				CLANG_CXX_LIBRARY = "libc++";
				CLANG_ENABLE_MODULES = YES;
				CLANG_ENABLE_OBJC_ARC = YES;
				CLANG_ENABLE_OBJC_WEAK = YES;
				CLANG_WARN_BLOCK_CAPTURE_AUTORELEASING = YES;
				CLANG_WARN_BOOL_CONVERSION = YES;
				CLANG_WARN_COMMA = YES;
				CLANG_WARN_CONSTANT_CONVERSION = YES;
				CLANG_WARN_DEPRECATED_OBJC_IMPLEMENTATIONS = YES;
				CLANG_WARN_DIRECT_OBJC_ISA_USAGE = YES_ERROR;
				CLANG_WARN_DOCUMENTATION_COMMENTS = YES;
				CLANG_WARN_EMPTY_BODY = YES;
				CLANG_WARN_ENUM_CONVERSION = YES;
				CLANG_WARN_INFINITE_RECURSION = YES;
				CLANG_WARN_INT_CONVERSION = YES;
				CLANG_WARN_NON_LITERAL_NULL_CONVERSION = YES;
				CLANG_WARN_OBJC_IMPLICIT_RETAIN_SELF = YES;
				CLANG_WARN_OBJC_LITERAL_CONVERSION = YES;
				CLANG_WARN_OBJC_ROOT_CLASS = YES_ERROR;
				CLANG_WARN_QUOTED_INCLUDE_IN_FRAMEWORK_HEADER = YES;
				CLANG_WARN_RANGE_LOOP_ANALYSIS = YES;
				CLANG_WARN_STRICT_PROTOTYPES = YES;
				CLANG_WARN_SUSPICIOUS_MOVE = YES;
				CLANG_WARN_UNGUARDED_AVAILABILITY = YES_AGGRESSIVE;
				CLANG_WARN_UNREACHABLE_CODE = YES;
				CLANG_WARN__DUPLICATE_METHOD_MATCH = YES;
				COPY_PHASE_STRIP = NO;
				DEBUG_INFORMATION_FORMAT = "dwarf-with-dsym";
				ENABLE_NS_ASSERTIONS = NO;
				ENABLE_STRICT_OBJC_MSGSEND = YES;
				GCC_C_LANGUAGE_STANDARD = gnu11;
				GCC_NO_COMMON_BLOCKS = YES;
				GCC_WARN_64_TO_32_BIT_CONVERSION = YES;
				GCC_WARN_ABOUT_RETURN_TYPE = YES_ERROR;
				GCC_WARN_UNDECLARED_SELECTOR = YES;
				GCC_WARN_UNINITIALIZED_AUTOS = YES_AGGRESSIVE;
				GCC_WARN_UNUSED_FUNCTION = YES;
				GCC_WARN_UNUSED_VARIABLE = YES;
				IPHONEOS_DEPLOYMENT_TARGET = 15.2;
				MTL_ENABLE_DEBUG_INFO = NO;
				MTL_FAST_MATH = YES;
				SDKROOT = iphoneos;
				SWIFT_COMPILATION_MODE = wholemodule;
				SWIFT_OPTIMIZATION_LEVEL = "-O";
				VALIDATE_PRODUCT = YES;
			};
			name = Release;
		};
		2A928ABA276CC746009C2BC9 /* Debug */ = {
			isa = XCBuildConfiguration;
			buildSettings = {
				ASSETCATALOG_COMPILER_APPICON_NAME = AppIcon;
				ASSETCATALOG_COMPILER_GLOBAL_ACCENT_COLOR_NAME = AccentColor;
				CODE_SIGN_STYLE = Automatic;
				CURRENT_PROJECT_VERSION = 1;
				GENERATE_INFOPLIST_FILE = YES;
				INFOPLIST_FILE = ShoppingUI/Info.plist;
				INFOPLIST_KEY_UIApplicationSupportsIndirectInputEvents = YES;
				INFOPLIST_KEY_UILaunchStoryboardName = LaunchScreen;
				INFOPLIST_KEY_UIMainStoryboardFile = Main;
				INFOPLIST_KEY_UISupportedInterfaceOrientations_iPad = "UIInterfaceOrientationPortrait UIInterfaceOrientationPortraitUpsideDown UIInterfaceOrientationLandscapeLeft UIInterfaceOrientationLandscapeRight";
				INFOPLIST_KEY_UISupportedInterfaceOrientations_iPhone = "UIInterfaceOrientationPortrait UIInterfaceOrientationLandscapeLeft UIInterfaceOrientationLandscapeRight";
				LD_RUNPATH_SEARCH_PATHS = (
					"$(inherited)",
					"@executable_path/Frameworks",
				);
				MARKETING_VERSION = 1.0;
				PRODUCT_BUNDLE_IDENTIFIER = com.demo.ShoppingUI;
				PRODUCT_NAME = "$(TARGET_NAME)";
				SWIFT_EMIT_LOC_STRINGS = YES;
				SWIFT_VERSION = 5.0;
				TARGETED_DEVICE_FAMILY = "1,2";
			};
			name = Debug;
		};
		2A928ABB276CC746009C2BC9 /* Release */ = {
			isa = XCBuildConfiguration;
			buildSettings = {
				ASSETCATALOG_COMPILER_APPICON_NAME = AppIcon;
				ASSETCATALOG_COMPILER_GLOBAL_ACCENT_COLOR_NAME = AccentColor;
				CODE_SIGN_STYLE = Automatic;
				CURRENT_PROJECT_VERSION = 1;
				GENERATE_INFOPLIST_FILE = YES;
				INFOPLIST_FILE = ShoppingUI/Info.plist;
				INFOPLIST_KEY_UIApplicationSupportsIndirectInputEvents = YES;
				INFOPLIST_KEY_UILaunchStoryboardName = LaunchScreen;
				INFOPLIST_KEY_UIMainStoryboardFile = Main;
				INFOPLIST_KEY_UISupportedInterfaceOrientations_iPad = "UIInterfaceOrientationPortrait UIInterfaceOrientationPortraitUpsideDown UIInterfaceOrientationLandscapeLeft UIInterfaceOrientationLandscapeRight";
				INFOPLIST_KEY_UISupportedInterfaceOrientations_iPhone = "UIInterfaceOrientationPortrait UIInterfaceOrientationLandscapeLeft UIInterfaceOrientationLandscapeRight";
				LD_RUNPATH_SEARCH_PATHS = (
					"$(inherited)",
					"@executable_path/Frameworks",
				);
				MARKETING_VERSION = 1.0;
				PRODUCT_BUNDLE_IDENTIFIER = com.demo.ShoppingUI;
				PRODUCT_NAME = "$(TARGET_NAME)";
				SWIFT_EMIT_LOC_STRINGS = YES;
				SWIFT_VERSION = 5.0;
				TARGETED_DEVICE_FAMILY = "1,2";
			};
			name = Release;
		};
		2A928ABD276CC746009C2BC9 /* Debug */ = {
			isa = XCBuildConfiguration;
			buildSettings = {
				ALWAYS_EMBED_SWIFT_STANDARD_LIBRARIES = YES;
				BUNDLE_LOADER = "$(TEST_HOST)";
				CODE_SIGN_STYLE = Automatic;
				CURRENT_PROJECT_VERSION = 1;
				GENERATE_INFOPLIST_FILE = YES;
				IPHONEOS_DEPLOYMENT_TARGET = 15.2;
				MARKETING_VERSION = 1.0;
				PRODUCT_BUNDLE_IDENTIFIER = com.demo.ShoppingUITests;
				PRODUCT_NAME = "$(TARGET_NAME)";
				SWIFT_EMIT_LOC_STRINGS = NO;
				SWIFT_VERSION = 5.0;
				TARGETED_DEVICE_FAMILY = "1,2";
				TEST_HOST = "$(BUILT_PRODUCTS_DIR)/ShoppingUI.app/ShoppingUI";
			};
			name = Debug;
		};
		2A928ABE276CC746009C2BC9 /* Release */ = {
			isa = XCBuildConfiguration;
			buildSettings = {
				ALWAYS_EMBED_SWIFT_STANDARD_LIBRARIES = YES;
				BUNDLE_LOADER = "$(TEST_HOST)";
				CODE_SIGN_STYLE = Automatic;
				CURRENT_PROJECT_VERSION = 1;
				GENERATE_INFOPLIST_FILE = YES;
				IPHONEOS_DEPLOYMENT_TARGET = 15.2;
				MARKETING_VERSION = 1.0;
				PRODUCT_BUNDLE_IDENTIFIER = com.demo.ShoppingUITests;
				PRODUCT_NAME = "$(TARGET_NAME)";
				SWIFT_EMIT_LOC_STRINGS = NO;
				SWIFT_VERSION = 5.0;
				TARGETED_DEVICE_FAMILY = "1,2";
				TEST_HOST = "$(BUILT_PRODUCTS_DIR)/ShoppingUI.app/ShoppingUI";
			};
			name = Release;
		};
		2A928AC0276CC746009C2BC9 /* Debug */ = {
			isa = XCBuildConfiguration;
			buildSettings = {
				ALWAYS_EMBED_SWIFT_STANDARD_LIBRARIES = YES;
				CODE_SIGN_STYLE = Automatic;
				CURRENT_PROJECT_VERSION = 1;
				GENERATE_INFOPLIST_FILE = YES;
				MARKETING_VERSION = 1.0;
				PRODUCT_BUNDLE_IDENTIFIER = com.demo.ShoppingUIUITests;
				PRODUCT_NAME = "$(TARGET_NAME)";
				SWIFT_EMIT_LOC_STRINGS = NO;
				SWIFT_VERSION = 5.0;
				TARGETED_DEVICE_FAMILY = "1,2";
				TEST_TARGET_NAME = ShoppingUI;
			};
			name = Debug;
		};
		2A928AC1276CC746009C2BC9 /* Release */ = {
			isa = XCBuildConfiguration;
			buildSettings = {
				ALWAYS_EMBED_SWIFT_STANDARD_LIBRARIES = YES;
				CODE_SIGN_STYLE = Automatic;
				CURRENT_PROJECT_VERSION = 1;
				GENERATE_INFOPLIST_FILE = YES;
				MARKETING_VERSION = 1.0;
				PRODUCT_BUNDLE_IDENTIFIER = com.demo.ShoppingUIUITests;
				PRODUCT_NAME = "$(TARGET_NAME)";
				SWIFT_EMIT_LOC_STRINGS = NO;
				SWIFT_VERSION = 5.0;
				TARGETED_DEVICE_FAMILY = "1,2";
				TEST_TARGET_NAME = ShoppingUI;
			};
			name = Release;
		};
/* End XCBuildConfiguration section */

/* Begin XCConfigurationList section */
		2A928A8A276CC744009C2BC9 /* Build configuration list for PBXProject "ShoppingUI" */ = {
			isa = XCConfigurationList;
			buildConfigurations = (
				2A928AB7276CC746009C2BC9 /* Debug */,
				2A928AB8276CC746009C2BC9 /* Release */,
			);
			defaultConfigurationIsVisible = 0;
			defaultConfigurationName = Release;
		};
		2A928AB9276CC746009C2BC9 /* Build configuration list for PBXNativeTarget "ShoppingUI" */ = {
			isa = XCConfigurationList;
			buildConfigurations = (
				2A928ABA276CC746009C2BC9 /* Debug */,
				2A928ABB276CC746009C2BC9 /* Release */,
			);
			defaultConfigurationIsVisible = 0;
			defaultConfigurationName = Release;
		};
		2A928ABC276CC746009C2BC9 /* Build configuration list for PBXNativeTarget "ShoppingUITests" */ = {
			isa = XCConfigurationList;
			buildConfigurations = (
				2A928ABD276CC746009C2BC9 /* Debug */,
				2A928ABE276CC746009C2BC9 /* Release */,
			);
			defaultConfigurationIsVisible = 0;
			defaultConfigurationName = Release;
		};
		2A928ABF276CC746009C2BC9 /* Build configuration list for PBXNativeTarget "ShoppingUIUITests" */ = {
			isa = XCConfigurationList;
			buildConfigurations = (
				2A928AC0276CC746009C2BC9 /* Debug */,
				2A928AC1276CC746009C2BC9 /* Release */,
			);
			defaultConfigurationIsVisible = 0;
			defaultConfigurationName = Release;
		};
/* End XCConfigurationList section */
	};
	rootObject = 2A928A87276CC744009C2BC9 /* Project object */;
}
